
Microsoft Visual Studio Solution File, Format Version 12.00
# Visual Studio Version 17
VisualStudioVersion = 17.0.31903.59
MinimumVisualStudioVersion = 10.0.40219.1
Project("{2150E333-8FDC-42A3-9474-1A3956D46DE8}") = "src", "src", "{827E0CD3-B72D-47B6-A68D-7590B98EB39B}"
EndProject
Project("{FAE04EC0-301F-11D3-BF4B-00C04F79EFBC}") = "Domain", "src\Domain\Domain.csproj", "{8AC15D65-9F0D-42AB-8C36-AE2FDB292B32}"
EndProject
Project("{FAE04EC0-301F-11D3-BF4B-00C04F79EFBC}") = "Application", "src\Application\Application.csproj", "{5843E049-B822-4BED-8525-160AB736DF6B}"
EndProject
Project("{FAE04EC0-301F-11D3-BF4B-00C04F79EFBC}") = "Infrastructure", "src\Infrastructure\Infrastructure.csproj", "{48908A5A-E744-4568-A2FD-79F3CEF8213B}"
EndProject
Project("{FAE04EC0-301F-11D3-BF4B-00C04F79EFBC}") = "API", "src\API\API.csproj", "{8463F964-470C-408D-AC41-5CA1118B5FEA}"
EndProject
Project("{2150E333-8FDC-42A3-9474-1A3956D46DE8}") = "tests", "tests", "{0AB3BF05-4346-4AA6-1389-037BE0695223}"
EndProject
Project("{FAE04EC0-301F-11D3-BF4B-00C04F79EFBC}") = "API.Tests", "tests\API.Tests\API.Tests.csproj", "{FDA13D30-69CC-4B0A-8EBB-59635309C04F}"
EndProject
Global
	GlobalSection(SolutionConfigurationPlatforms) = preSolution
		Debug|Any CPU = Debug|Any CPU
		Debug|x64 = Debug|x64
		Debug|x86 = Debug|x86
		Release|Any CPU = Release|Any CPU
		Release|x64 = Release|x64
		Release|x86 = Release|x86
	EndGlobalSection
	GlobalSection(ProjectConfigurationPlatforms) = postSolution
		{8AC15D65-9F0D-42AB-8C36-AE2FDB292B32}.Debug|Any CPU.ActiveCfg = Debug|Any CPU
		{8AC15D65-9F0D-42AB-8C36-AE2FDB292B32}.Debug|Any CPU.Build.0 = Debug|Any CPU
		{8AC15D65-9F0D-42AB-8C36-AE2FDB292B32}.Debug|x64.ActiveCfg = Debug|Any CPU
		{8AC15D65-9F0D-42AB-8C36-AE2FDB292B32}.Debug|x64.Build.0 = Debug|Any CPU
		{8AC15D65-9F0D-42AB-8C36-AE2FDB292B32}.Debug|x86.ActiveCfg = Debug|Any CPU
		{8AC15D65-9F0D-42AB-8C36-AE2FDB292B32}.Debug|x86.Build.0 = Debug|Any CPU
		{8AC15D65-9F0D-42AB-8C36-AE2FDB292B32}.Release|Any CPU.ActiveCfg = Release|Any CPU
		{8AC15D65-9F0D-42AB-8C36-AE2FDB292B32}.Release|Any CPU.Build.0 = Release|Any CPU
		{8AC15D65-9F0D-42AB-8C36-AE2FDB292B32}.Release|x64.ActiveCfg = Release|Any CPU
		{8AC15D65-9F0D-42AB-8C36-AE2FDB292B32}.Release|x64.Build.0 = Release|Any CPU
		{8AC15D65-9F0D-42AB-8C36-AE2FDB292B32}.Release|x86.ActiveCfg = Release|Any CPU
		{8AC15D65-9F0D-42AB-8C36-AE2FDB292B32}.Release|x86.Build.0 = Release|Any CPU
		{5843E049-B822-4BED-8525-160AB736DF6B}.Debug|Any CPU.ActiveCfg = Debug|Any CPU
		{5843E049-B822-4BED-8525-160AB736DF6B}.Debug|Any CPU.Build.0 = Debug|Any CPU
		{5843E049-B822-4BED-8525-160AB736DF6B}.Debug|x64.ActiveCfg = Debug|Any CPU
		{5843E049-B822-4BED-8525-160AB736DF6B}.Debug|x64.Build.0 = Debug|Any CPU
		{5843E049-B822-4BED-8525-160AB736DF6B}.Debug|x86.ActiveCfg = Debug|Any CPU
		{5843E049-B822-4BED-8525-160AB736DF6B}.Debug|x86.Build.0 = Debug|Any CPU
		{5843E049-B822-4BED-8525-160AB736DF6B}.Release|Any CPU.ActiveCfg = Release|Any CPU
		{5843E049-B822-4BED-8525-160AB736DF6B}.Release|Any CPU.Build.0 = Release|Any CPU
		{5843E049-B822-4BED-8525-160AB736DF6B}.Release|x64.ActiveCfg = Release|Any CPU
		{5843E049-B822-4BED-8525-160AB736DF6B}.Release|x64.Build.0 = Release|Any CPU
		{5843E049-B822-4BED-8525-160AB736DF6B}.Release|x86.ActiveCfg = Release|Any CPU
		{5843E049-B822-4BED-8525-160AB736DF6B}.Release|x86.Build.0 = Release|Any CPU
		{48908A5A-E744-4568-A2FD-79F3CEF8213B}.Debug|Any CPU.ActiveCfg = Debug|Any CPU
		{48908A5A-E744-4568-A2FD-79F3CEF8213B}.Debug|Any CPU.Build.0 = Debug|Any CPU
		{48908A5A-E744-4568-A2FD-79F3CEF8213B}.Debug|x64.ActiveCfg = Debug|Any CPU
		{48908A5A-E744-4568-A2FD-79F3CEF8213B}.Debug|x64.Build.0 = Debug|Any CPU
		{48908A5A-E744-4568-A2FD-79F3CEF8213B}.Debug|x86.ActiveCfg = Debug|Any CPU
		{48908A5A-E744-4568-A2FD-79F3CEF8213B}.Debug|x86.Build.0 = Debug|Any CPU
		{48908A5A-E744-4568-A2FD-79F3CEF8213B}.Release|Any CPU.ActiveCfg = Release|Any CPU
		{48908A5A-E744-4568-A2FD-79F3CEF8213B}.Release|Any CPU.Build.0 = Release|Any CPU
		{48908A5A-E744-4568-A2FD-79F3CEF8213B}.Release|x64.ActiveCfg = Release|Any CPU
		{48908A5A-E744-4568-A2FD-79F3CEF8213B}.Release|x64.Build.0 = Release|Any CPU
		{48908A5A-E744-4568-A2FD-79F3CEF8213B}.Release|x86.ActiveCfg = Release|Any CPU
		{48908A5A-E744-4568-A2FD-79F3CEF8213B}.Release|x86.Build.0 = Release|Any CPU
		{8463F964-470C-408D-AC41-5CA1118B5FEA}.Debug|Any CPU.ActiveCfg = Debug|Any CPU
		{8463F964-470C-408D-AC41-5CA1118B5FEA}.Debug|Any CPU.Build.0 = Debug|Any CPU
		{8463F964-470C-408D-AC41-5CA1118B5FEA}.Debug|x64.ActiveCfg = Debug|Any CPU
		{8463F964-470C-408D-AC41-5CA1118B5FEA}.Debug|x64.Build.0 = Debug|Any CPU
		{8463F964-470C-408D-AC41-5CA1118B5FEA}.Debug|x86.ActiveCfg = Debug|Any CPU
		{8463F964-470C-408D-AC41-5CA1118B5FEA}.Debug|x86.Build.0 = Debug|Any CPU
		{8463F964-470C-408D-AC41-5CA1118B5FEA}.Release|Any CPU.ActiveCfg = Release|Any CPU
		{8463F964-470C-408D-AC41-5CA1118B5FEA}.Release|Any CPU.Build.0 = Release|Any CPU
		{8463F964-470C-408D-AC41-5CA1118B5FEA}.Release|x64.ActiveCfg = Release|Any CPU
		{8463F964-470C-408D-AC41-5CA1118B5FEA}.Release|x64.Build.0 = Release|Any CPU
		{8463F964-470C-408D-AC41-5CA1118B5FEA}.Release|x86.ActiveCfg = Release|Any CPU
		{8463F964-470C-408D-AC41-5CA1118B5FEA}.Release|x86.Build.0 = Release|Any CPU
		{FDA13D30-69CC-4B0A-8EBB-59635309C04F}.Debug|Any CPU.ActiveCfg = Debug|Any CPU
		{FDA13D30-69CC-4B0A-8EBB-59635309C04F}.Debug|Any CPU.Build.0 = Debug|Any CPU
		{FDA13D30-69CC-4B0A-8EBB-59635309C04F}.Debug|x64.ActiveCfg = Debug|Any CPU
		{FDA13D30-69CC-4B0A-8EBB-59635309C04F}.Debug|x64.Build.0 = Debug|Any CPU
		{FDA13D30-69CC-4B0A-8EBB-59635309C04F}.Debug|x86.ActiveCfg = Debug|Any CPU
		{FDA13D30-69CC-4B0A-8EBB-59635309C04F}.Debug|x86.Build.0 = Debug|Any CPU
		{FDA13D30-69CC-4B0A-8EBB-59635309C04F}.Release|Any CPU.ActiveCfg = Release|Any CPU
		{FDA13D30-69CC-4B0A-8EBB-59635309C04F}.Release|Any CPU.Build.0 = Release|Any CPU
		{FDA13D30-69CC-4B0A-8EBB-59635309C04F}.Release|x64.ActiveCfg = Release|Any CPU
		{FDA13D30-69CC-4B0A-8EBB-59635309C04F}.Release|x64.Build.0 = Release|Any CPU
		{FDA13D30-69CC-4B0A-8EBB-59635309C04F}.Release|x86.ActiveCfg = Release|Any CPU
		{FDA13D30-69CC-4B0A-8EBB-59635309C04F}.Release|x86.Build.0 = Release|Any CPU
	EndGlobalSection
	GlobalSection(SolutionProperties) = preSolution
		HideSolutionNode = FALSE
	EndGlobalSection
	GlobalSection(NestedProjects) = preSolution
		{8AC15D65-9F0D-42AB-8C36-AE2FDB292B32} = {827E0CD3-B72D-47B6-A68D-7590B98EB39B}
		{5843E049-B822-4BED-8525-160AB736DF6B} = {827E0CD3-B72D-47B6-A68D-7590B98EB39B}
		{48908A5A-E744-4568-A2FD-79F3CEF8213B} = {827E0CD3-B72D-47B6-A68D-7590B98EB39B}
		{8463F964-470C-408D-AC41-5CA1118B5FEA} = {827E0CD3-B72D-47B6-A68D-7590B98EB39B}
		{FDA13D30-69CC-4B0A-8EBB-59635309C04F} = {0AB3BF05-4346-4AA6-1389-037BE0695223}
	EndGlobalSection
EndGlobal
